
Microsoft Visual Studio Solution File, Format Version 12.00
# Visual Studio Version 16
VisualStudioVersion = 16.0.31205.134
MinimumVisualStudioVersion = 10.0.40219.1
Project("{FAE04EC0-301F-11D3-BF4B-00C04F79EFBC}") = "prueba1Concurrencia", "prueba1Concurrencia\prueba1Concurrencia.csproj", "{174FBA7A-9E1B-46C9-A516-61B5F39AA562}"
EndProject
Global
	GlobalSection(SolutionConfigurationPlatforms) = preSolution
		Debug|Any CPU = Debug|Any CPU
		Release|Any CPU = Release|Any CPU
	EndGlobalSection
	GlobalSection(ProjectConfigurationPlatforms) = postSolution
		{174FBA7A-9E1B-46C9-A516-61B5F39AA562}.Debug|Any CPU.ActiveCfg = Debug|Any CPU
		{174FBA7A-9E1B-46C9-A516-61B5F39AA562}.Debug|Any CPU.Build.0 = Debug|Any CPU
		{174FBA7A-9E1B-46C9-A516-61B5F39AA562}.Release|Any CPU.ActiveCfg = Release|Any CPU
		{174FBA7A-9E1B-46C9-A516-61B5F39AA562}.Release|Any CPU.Build.0 = Release|Any CPU
	EndGlobalSection
	GlobalSection(SolutionProperties) = preSolution
		HideSolutionNode = FALSE
	EndGlobalSection
	GlobalSection(ExtensibilityGlobals) = postSolution
		SolutionGuid = {FD2563F5-8167-466C-A76B-B3DF48B2D154}
	EndGlobalSection
EndGlobal
